// !$*UTF8*$!
{
	archiveVersion = 1;
	classes = {
	};
	objectVersion = 77;
	objects = {

/* Begin PBXBuildFile section */
		019E5164FDE5AFD5FE86CBC9 /* TTSModel.swift in Sources */ = {isa = PBXBuildFile; fileRef = 802B55E1EAC5684CDE4BBE03 /* TTSModel.swift */; };
		02BEE0FA37C826AA2E83A2DF /* DebugHierarchyTests.swift in Sources */ = {isa = PBXBuildFile; fileRef = 9BF0A4CFC64A4D46B9332080 /* DebugHierarchyTests.swift */; };
		0C44B4243F2AFE09B2B2899E /* QwenVoiceUITestBase.swift in Sources */ = {isa = PBXBuildFile; fileRef = 6C7FBAB5EB31BCCC4490027E /* QwenVoiceUITestBase.swift */; };
		0C938FCAEB2BB9E2356C4326 /* ModelManagerViewModel.swift in Sources */ = {isa = PBXBuildFile; fileRef = 4A367AAE25201E301F646DCA /* ModelManagerViewModel.swift */; };
		0FD1F6EE2257C0314EFAA6F4 /* HistoryViewTests.swift in Sources */ = {isa = PBXBuildFile; fileRef = 1F1DEC40E4AB28DA76022BAA /* HistoryViewTests.swift */; };
		102B2746352B5032F9F34A31 /* HuggingFaceDownloader.swift in Sources */ = {isa = PBXBuildFile; fileRef = AEDB6571B3DDCAA5D8166A54 /* HuggingFaceDownloader.swift */; };
		13462F046FE8C8196DE2BD97 /* WaveformService.swift in Sources */ = {isa = PBXBuildFile; fileRef = D2A539A647083CC4810F72FE /* WaveformService.swift */; };
		1895AE29DD2BA75E31D75F48 /* ModelsView.swift in Sources */ = {isa = PBXBuildFile; fileRef = 281629E0EE8593C8F69031A6 /* ModelsView.swift */; };
		1BA11424A101CD274AFE9727 /* TextInputView.swift in Sources */ = {isa = PBXBuildFile; fileRef = F4F9D906B9BDE4A6978A5650 /* TextInputView.swift */; };
		1F607713C38054A7FA7F1D6E /* Generation.swift in Sources */ = {isa = PBXBuildFile; fileRef = C1BA97E899E616829A78233A /* Generation.swift */; };
		297B74A5A5D3A5FB7C1EB7CE /* SidebarNavigationTests.swift in Sources */ = {isa = PBXBuildFile; fileRef = 61FBE029933A97A77649CCFC /* SidebarNavigationTests.swift */; };
		2A689847327A7165F6E2A2E6 /* VoicesViewTests.swift in Sources */ = {isa = PBXBuildFile; fileRef = 5041FCDAC8C3CFEA672B0B5A /* VoicesViewTests.swift */; };
		2E6A0B30C35D6D082403D964 /* LayoutConstants.swift in Sources */ = {isa = PBXBuildFile; fileRef = E876590A12FADBE38100CD17 /* LayoutConstants.swift */; };
		369B39A3B4D6D2C2FE6B956F /* CustomVoiceView.swift in Sources */ = {isa = PBXBuildFile; fileRef = B84E7EAC8760A09DC87915DD /* CustomVoiceView.swift */; };
		4B578A4D21A7CC18003BBA14 /* HistoryView.swift in Sources */ = {isa = PBXBuildFile; fileRef = E4D22F70AB025CF59B428113 /* HistoryView.swift */; };
		4F5FDA3E5FD42FC8071ED364 /* RPCMessage.swift in Sources */ = {isa = PBXBuildFile; fileRef = C12149883EC3D49A78CA9EE5 /* RPCMessage.swift */; };
		502EAC7A4B0AA32029A66868 /* VoiceCloningViewTests.swift in Sources */ = {isa = PBXBuildFile; fileRef = AA432E578A830977B1C6CA32 /* VoiceCloningViewTests.swift */; };
		5A314AECCE19F864317B35A8 /* PythonEnvironmentManager.swift in Sources */ = {isa = PBXBuildFile; fileRef = 3B9309BE7505D62F0A7727E6 /* PythonEnvironmentManager.swift */; };
		5E975521FC8B355333145278 /* FlowLayout.swift in Sources */ = {isa = PBXBuildFile; fileRef = D8C22183F1D9A8DC478C8B8B /* FlowLayout.swift */; };
		62DF324F58F7731B573FB249 /* mlx_audio-0.3.1-py3-none-any.whl in Resources */ = {isa = PBXBuildFile; fileRef = 696C13B6A195855A65429A13 /* mlx_audio-0.3.1-py3-none-any.whl */; };
		6C329D9AE8AC56F1C930D32A /* DatabaseService.swift in Sources */ = {isa = PBXBuildFile; fileRef = 0B8174C5EB5C39242E7EF445 /* DatabaseService.swift */; };
		6C73192903DFFED166DD93FB /* EmotionPickerView.swift in Sources */ = {isa = PBXBuildFile; fileRef = 5A9B0840026EFF26202877BF /* EmotionPickerView.swift */; };
		7535DC9EA0B9F6C298FC227E /* PreferencesViewTests.swift in Sources */ = {isa = PBXBuildFile; fileRef = 3780F1ED790D660E20B02B9F /* PreferencesViewTests.swift */; };
		782CC4A0B12968AC18654792 /* Assets.xcassets in Resources */ = {isa = PBXBuildFile; fileRef = 9B899A22B7619F15A40FC99C /* Assets.xcassets */; };
		7A4C342B51D60AB71AC61E0C /* SidebarView.swift in Sources */ = {isa = PBXBuildFile; fileRef = 637866C95AC607A5E0509956 /* SidebarView.swift */; };
		8D6183A2086E6C2AD0F8E32A /* requirements.txt in Resources */ = {isa = PBXBuildFile; fileRef = 9A5EED3BA5A17E54C8B5E699 /* requirements.txt */; };
		9506A9366B29D225A10210E7 /* VoiceCloningView.swift in Sources */ = {isa = PBXBuildFile; fileRef = 53F47C4B97AF4841FDEEB907 /* VoiceCloningView.swift */; };
		9AC67B6FDF9D54F27814423B /* GenerationFlowTests.swift in Sources */ = {isa = PBXBuildFile; fileRef = 2A4522F2EEED55088BD1B53C /* GenerationFlowTests.swift */; };
		9D252B7945375066E6E70CAC /* BatchGenerationSheet.swift in Sources */ = {isa = PBXBuildFile; fileRef = E2C37F7C548405565C230BF8 /* BatchGenerationSheet.swift */; };
		A4391A1D525E6177F26A23F1 /* QwenVoiceApp.swift in Sources */ = {isa = PBXBuildFile; fileRef = E889EF31C2F3350E9F0CC31C /* QwenVoiceApp.swift */; };
		B005B34A94873FF7C4D80A7E /* VoicesView.swift in Sources */ = {isa = PBXBuildFile; fileRef = 0D3C6777F2ABFE603D026E0D /* VoicesView.swift */; };
		B25FDE21DB15AAB169D519EA /* AudioPlayerViewModel.swift in Sources */ = {isa = PBXBuildFile; fileRef = 78F44393E69966D3C36248DB /* AudioPlayerViewModel.swift */; };
		B55FAB38F675B5E5826F7A50 /* AppTheme.swift in Sources */ = {isa = PBXBuildFile; fileRef = 890E011F57EAC237416DDF0F /* AppTheme.swift */; };
		B7962EA5C5AE26BE94E09309 /* server.py in Resources */ = {isa = PBXBuildFile; fileRef = A6529F131AAB6D76EF97AA1B /* server.py */; };
		BAFA99B95D495C9303E851D1 /* ModelsViewTests.swift in Sources */ = {isa = PBXBuildFile; fileRef = DDB5B3ED6FAD23BA09F242EC /* ModelsViewTests.swift */; };
		BC702680E0058355A5DDDC81 /* ContentView.swift in Sources */ = {isa = PBXBuildFile; fileRef = B52E6F8ECC8DB9E266F1EE87 /* ContentView.swift */; };
		BFB9538DB6144B9BD8E227DE /* WaveformView.swift in Sources */ = {isa = PBXBuildFile; fileRef = 652CF3434A19FF8823B9CCA2 /* WaveformView.swift */; };
		C48D4D80BF6A0E8A29A6BC0D /* CustomVoiceViewTests.swift in Sources */ = {isa = PBXBuildFile; fileRef = CC02BA052DB3AD7BE221B9CE /* CustomVoiceViewTests.swift */; };
		C7614DCEA3F190692321161D /* GRDB in Frameworks */ = {isa = PBXBuildFile; productRef = 4BA2E12FB2E8DADF0D68B35C /* GRDB */; };
		C838C6E3E59717F67F49C45C /* SidebarPlayerView.swift in Sources */ = {isa = PBXBuildFile; fileRef = C317D7467D26FD09704CFD81 /* SidebarPlayerView.swift */; };
		CD868F54EB56E87BE5F00283 /* PythonBridge.swift in Sources */ = {isa = PBXBuildFile; fileRef = 927B9E942C6EACB0CD15D12D /* PythonBridge.swift */; };
		D43105145129C9FECE338221 /* SetupView.swift in Sources */ = {isa = PBXBuildFile; fileRef = F1B9A406B3FB86D1CB132845 /* SetupView.swift */; };
		EEFE4FE49F13B576053735F5 /* EmotionPreset.swift in Sources */ = {isa = PBXBuildFile; fileRef = 52130E590A4CD0ED7447B159 /* EmotionPreset.swift */; };
		F266C15FA07029E30CE44C0E /* AudioService.swift in Sources */ = {isa = PBXBuildFile; fileRef = 006AC6BD98420562AC6A931C /* AudioService.swift */; };
		FDC2379CA4DB15F84DB80A3C /* Voice.swift in Sources */ = {isa = PBXBuildFile; fileRef = B8DE0E108884A82B4A671FE5 /* Voice.swift */; };
		FE9FD53DCF750D74B09A37B3 /* PreferencesView.swift in Sources */ = {isa = PBXBuildFile; fileRef = 7282AD0029C4CFDAEF69F9DB /* PreferencesView.swift */; };
/* End PBXBuildFile section */

/* Begin PBXContainerItemProxy section */
		EA0D8C61643DA3D8AF942659 /* PBXContainerItemProxy */ = {
			isa = PBXContainerItemProxy;
			containerPortal = ED55BB692FF8964B44B4CF30 /* Project object */;
			proxyType = 1;
			remoteGlobalIDString = 939725D6CC844653EA90F39E;
			remoteInfo = QwenVoice;
		};
/* End PBXContainerItemProxy section */

/* Begin PBXFileReference section */
		006AC6BD98420562AC6A931C /* AudioService.swift */ = {isa = PBXFileReference; lastKnownFileType = sourcecode.swift; path = AudioService.swift; sourceTree = "<group>"; };
		0B8174C5EB5C39242E7EF445 /* DatabaseService.swift */ = {isa = PBXFileReference; lastKnownFileType = sourcecode.swift; path = DatabaseService.swift; sourceTree = "<group>"; };
		0D3C6777F2ABFE603D026E0D /* VoicesView.swift */ = {isa = PBXFileReference; lastKnownFileType = sourcecode.swift; path = VoicesView.swift; sourceTree = "<group>"; };
		1F1DEC40E4AB28DA76022BAA /* HistoryViewTests.swift */ = {isa = PBXFileReference; lastKnownFileType = sourcecode.swift; path = HistoryViewTests.swift; sourceTree = "<group>"; };
		281629E0EE8593C8F69031A6 /* ModelsView.swift */ = {isa = PBXFileReference; lastKnownFileType = sourcecode.swift; path = ModelsView.swift; sourceTree = "<group>"; };
		2A4522F2EEED55088BD1B53C /* GenerationFlowTests.swift */ = {isa = PBXFileReference; lastKnownFileType = sourcecode.swift; path = GenerationFlowTests.swift; sourceTree = "<group>"; };
		2AA58AEA639D96A91136276A /* QwenVoiceUITests.xctest */ = {isa = PBXFileReference; explicitFileType = wrapper.cfbundle; includeInIndex = 0; path = QwenVoiceUITests.xctest; sourceTree = BUILT_PRODUCTS_DIR; };
		3780F1ED790D660E20B02B9F /* PreferencesViewTests.swift */ = {isa = PBXFileReference; lastKnownFileType = sourcecode.swift; path = PreferencesViewTests.swift; sourceTree = "<group>"; };
		3ADE213695C11F46205AE6DC /* QwenVoice.app */ = {isa = PBXFileReference; explicitFileType = wrapper.application; includeInIndex = 0; path = QwenVoice.app; sourceTree = BUILT_PRODUCTS_DIR; };
		3B9309BE7505D62F0A7727E6 /* PythonEnvironmentManager.swift */ = {isa = PBXFileReference; lastKnownFileType = sourcecode.swift; path = PythonEnvironmentManager.swift; sourceTree = "<group>"; };
		4A367AAE25201E301F646DCA /* ModelManagerViewModel.swift */ = {isa = PBXFileReference; lastKnownFileType = sourcecode.swift; path = ModelManagerViewModel.swift; sourceTree = "<group>"; };
		5041FCDAC8C3CFEA672B0B5A /* VoicesViewTests.swift */ = {isa = PBXFileReference; lastKnownFileType = sourcecode.swift; path = VoicesViewTests.swift; sourceTree = "<group>"; };
		52130E590A4CD0ED7447B159 /* EmotionPreset.swift */ = {isa = PBXFileReference; lastKnownFileType = sourcecode.swift; path = EmotionPreset.swift; sourceTree = "<group>"; };
		53F47C4B97AF4841FDEEB907 /* VoiceCloningView.swift */ = {isa = PBXFileReference; lastKnownFileType = sourcecode.swift; path = VoiceCloningView.swift; sourceTree = "<group>"; };
		5A9B0840026EFF26202877BF /* EmotionPickerView.swift */ = {isa = PBXFileReference; lastKnownFileType = sourcecode.swift; path = EmotionPickerView.swift; sourceTree = "<group>"; };
		61FBE029933A97A77649CCFC /* SidebarNavigationTests.swift */ = {isa = PBXFileReference; lastKnownFileType = sourcecode.swift; path = SidebarNavigationTests.swift; sourceTree = "<group>"; };
		637866C95AC607A5E0509956 /* SidebarView.swift */ = {isa = PBXFileReference; lastKnownFileType = sourcecode.swift; path = SidebarView.swift; sourceTree = "<group>"; };
		652CF3434A19FF8823B9CCA2 /* WaveformView.swift */ = {isa = PBXFileReference; lastKnownFileType = sourcecode.swift; path = WaveformView.swift; sourceTree = "<group>"; };
		696C13B6A195855A65429A13 /* mlx_audio-0.3.1-py3-none-any.whl */ = {isa = PBXFileReference; path = "mlx_audio-0.3.1-py3-none-any.whl"; sourceTree = "<group>"; };
		6C7FBAB5EB31BCCC4490027E /* QwenVoiceUITestBase.swift */ = {isa = PBXFileReference; lastKnownFileType = sourcecode.swift; path = QwenVoiceUITestBase.swift; sourceTree = "<group>"; };
		7282AD0029C4CFDAEF69F9DB /* PreferencesView.swift */ = {isa = PBXFileReference; lastKnownFileType = sourcecode.swift; path = PreferencesView.swift; sourceTree = "<group>"; };
		78F44393E69966D3C36248DB /* AudioPlayerViewModel.swift */ = {isa = PBXFileReference; lastKnownFileType = sourcecode.swift; path = AudioPlayerViewModel.swift; sourceTree = "<group>"; };
		802B55E1EAC5684CDE4BBE03 /* TTSModel.swift */ = {isa = PBXFileReference; lastKnownFileType = sourcecode.swift; path = TTSModel.swift; sourceTree = "<group>"; };
		890E011F57EAC237416DDF0F /* AppTheme.swift */ = {isa = PBXFileReference; lastKnownFileType = sourcecode.swift; path = AppTheme.swift; sourceTree = "<group>"; };
		927B9E942C6EACB0CD15D12D /* PythonBridge.swift */ = {isa = PBXFileReference; lastKnownFileType = sourcecode.swift; path = PythonBridge.swift; sourceTree = "<group>"; };
		958B08B9790BD411BEE24FA0 /* Info.plist */ = {isa = PBXFileReference; lastKnownFileType = text.plist; path = Info.plist; sourceTree = "<group>"; };
		9A5EED3BA5A17E54C8B5E699 /* requirements.txt */ = {isa = PBXFileReference; lastKnownFileType = text; path = requirements.txt; sourceTree = "<group>"; };
		9B899A22B7619F15A40FC99C /* Assets.xcassets */ = {isa = PBXFileReference; lastKnownFileType = folder.assetcatalog; path = Assets.xcassets; sourceTree = "<group>"; };
		9BF0A4CFC64A4D46B9332080 /* DebugHierarchyTests.swift */ = {isa = PBXFileReference; lastKnownFileType = sourcecode.swift; path = DebugHierarchyTests.swift; sourceTree = "<group>"; };
		A6529F131AAB6D76EF97AA1B /* server.py */ = {isa = PBXFileReference; lastKnownFileType = text.script.python; path = server.py; sourceTree = "<group>"; };
		AA432E578A830977B1C6CA32 /* VoiceCloningViewTests.swift */ = {isa = PBXFileReference; lastKnownFileType = sourcecode.swift; path = VoiceCloningViewTests.swift; sourceTree = "<group>"; };
		AEDB6571B3DDCAA5D8166A54 /* HuggingFaceDownloader.swift */ = {isa = PBXFileReference; lastKnownFileType = sourcecode.swift; path = HuggingFaceDownloader.swift; sourceTree = "<group>"; };
		B52E6F8ECC8DB9E266F1EE87 /* ContentView.swift */ = {isa = PBXFileReference; lastKnownFileType = sourcecode.swift; path = ContentView.swift; sourceTree = "<group>"; };
		B62852B52626359D53D76C11 /* QwenVoice.entitlements */ = {isa = PBXFileReference; lastKnownFileType = text.plist.entitlements; path = QwenVoice.entitlements; sourceTree = "<group>"; };
		B84E7EAC8760A09DC87915DD /* CustomVoiceView.swift */ = {isa = PBXFileReference; lastKnownFileType = sourcecode.swift; path = CustomVoiceView.swift; sourceTree = "<group>"; };
		B8DE0E108884A82B4A671FE5 /* Voice.swift */ = {isa = PBXFileReference; lastKnownFileType = sourcecode.swift; path = Voice.swift; sourceTree = "<group>"; };
		C12149883EC3D49A78CA9EE5 /* RPCMessage.swift */ = {isa = PBXFileReference; lastKnownFileType = sourcecode.swift; path = RPCMessage.swift; sourceTree = "<group>"; };
		C1BA97E899E616829A78233A /* Generation.swift */ = {isa = PBXFileReference; lastKnownFileType = sourcecode.swift; path = Generation.swift; sourceTree = "<group>"; };
		C317D7467D26FD09704CFD81 /* SidebarPlayerView.swift */ = {isa = PBXFileReference; lastKnownFileType = sourcecode.swift; path = SidebarPlayerView.swift; sourceTree = "<group>"; };
		CC02BA052DB3AD7BE221B9CE /* CustomVoiceViewTests.swift */ = {isa = PBXFileReference; lastKnownFileType = sourcecode.swift; path = CustomVoiceViewTests.swift; sourceTree = "<group>"; };
		D2A539A647083CC4810F72FE /* WaveformService.swift */ = {isa = PBXFileReference; lastKnownFileType = sourcecode.swift; path = WaveformService.swift; sourceTree = "<group>"; };
		D8C22183F1D9A8DC478C8B8B /* FlowLayout.swift */ = {isa = PBXFileReference; lastKnownFileType = sourcecode.swift; path = FlowLayout.swift; sourceTree = "<group>"; };
		DDB5B3ED6FAD23BA09F242EC /* ModelsViewTests.swift */ = {isa = PBXFileReference; lastKnownFileType = sourcecode.swift; path = ModelsViewTests.swift; sourceTree = "<group>"; };
		E2C37F7C548405565C230BF8 /* BatchGenerationSheet.swift */ = {isa = PBXFileReference; lastKnownFileType = sourcecode.swift; path = BatchGenerationSheet.swift; sourceTree = "<group>"; };
		E4D22F70AB025CF59B428113 /* HistoryView.swift */ = {isa = PBXFileReference; lastKnownFileType = sourcecode.swift; path = HistoryView.swift; sourceTree = "<group>"; };
		E876590A12FADBE38100CD17 /* LayoutConstants.swift */ = {isa = PBXFileReference; lastKnownFileType = sourcecode.swift; path = LayoutConstants.swift; sourceTree = "<group>"; };
		E889EF31C2F3350E9F0CC31C /* QwenVoiceApp.swift */ = {isa = PBXFileReference; lastKnownFileType = sourcecode.swift; path = QwenVoiceApp.swift; sourceTree = "<group>"; };
		F1B9A406B3FB86D1CB132845 /* SetupView.swift */ = {isa = PBXFileReference; lastKnownFileType = sourcecode.swift; path = SetupView.swift; sourceTree = "<group>"; };
		F4F9D906B9BDE4A6978A5650 /* TextInputView.swift */ = {isa = PBXFileReference; lastKnownFileType = sourcecode.swift; path = TextInputView.swift; sourceTree = "<group>"; };
/* End PBXFileReference section */

/* Begin PBXFrameworksBuildPhase section */
		27632C381181CA8727A15BF1 /* Frameworks */ = {
			isa = PBXFrameworksBuildPhase;
			buildActionMask = 2147483647;
			files = (
				C7614DCEA3F190692321161D /* GRDB in Frameworks */,
			);
			runOnlyForDeploymentPostprocessing = 0;
		};
/* End PBXFrameworksBuildPhase section */

/* Begin PBXGroup section */
		0D9B30C2AA1A6F6704D6B55A /* backend */ = {
			isa = PBXGroup;
			children = (
				A6529F131AAB6D76EF97AA1B /* server.py */,
			);
			path = backend;
			sourceTree = "<group>";
		};
		0DAC412D2DCB346EB874A3C6 /* Settings */ = {
			isa = PBXGroup;
			children = (
				281629E0EE8593C8F69031A6 /* ModelsView.swift */,
				7282AD0029C4CFDAEF69F9DB /* PreferencesView.swift */,
			);
			path = Settings;
			sourceTree = "<group>";
		};
		393804087C19412BE9764CF4 /* Views */ = {
			isa = PBXGroup;
			children = (
				F1B9A406B3FB86D1CB132845 /* SetupView.swift */,
				9EF4E551B79B35D60032C17C /* Components */,
				5923E35865DE1169584028DD /* Generate */,
				C1C590053F5326D33AD9D8A7 /* Library */,
				0DAC412D2DCB346EB874A3C6 /* Settings */,
				D04B5DF95506C7083D60178B /* Sidebar */,
			);
			path = Views;
			sourceTree = "<group>";
		};
		3E3D5538DEF03E894CE51FA3 /* Resources */ = {
			isa = PBXGroup;
			children = (
				9A5EED3BA5A17E54C8B5E699 /* requirements.txt */,
				0D9B30C2AA1A6F6704D6B55A /* backend */,
				95492ADA14A92F5806116026 /* vendor */,
			);
			path = Resources;
			sourceTree = "<group>";
		};
		4DED610FE952BB74012461B6 /* QwenVoiceUITests */ = {
			isa = PBXGroup;
			children = (
				CC02BA052DB3AD7BE221B9CE /* CustomVoiceViewTests.swift */,
				9BF0A4CFC64A4D46B9332080 /* DebugHierarchyTests.swift */,
				2A4522F2EEED55088BD1B53C /* GenerationFlowTests.swift */,
				1F1DEC40E4AB28DA76022BAA /* HistoryViewTests.swift */,
				DDB5B3ED6FAD23BA09F242EC /* ModelsViewTests.swift */,
				3780F1ED790D660E20B02B9F /* PreferencesViewTests.swift */,
				6C7FBAB5EB31BCCC4490027E /* QwenVoiceUITestBase.swift */,
				61FBE029933A97A77649CCFC /* SidebarNavigationTests.swift */,
				AA432E578A830977B1C6CA32 /* VoiceCloningViewTests.swift */,
				5041FCDAC8C3CFEA672B0B5A /* VoicesViewTests.swift */,
			);
			path = QwenVoiceUITests;
			sourceTree = "<group>";
		};
		4F37CA228E18DE12CE0F1A43 /* Sources */ = {
			isa = PBXGroup;
			children = (
				9B899A22B7619F15A40FC99C /* Assets.xcassets */,
				B52E6F8ECC8DB9E266F1EE87 /* ContentView.swift */,
				958B08B9790BD411BEE24FA0 /* Info.plist */,
				B62852B52626359D53D76C11 /* QwenVoice.entitlements */,
				E889EF31C2F3350E9F0CC31C /* QwenVoiceApp.swift */,
				778F3C98BAC3F56DDC56D132 /* Models */,
				3E3D5538DEF03E894CE51FA3 /* Resources */,
				8A8BFB536C5E94547DDFB8DD /* Services */,
				FFBBA9EBD7885A6B142B86EF /* ViewModels */,
				393804087C19412BE9764CF4 /* Views */,
			);
			path = Sources;
			sourceTree = "<group>";
		};
		5923E35865DE1169584028DD /* Generate */ = {
			isa = PBXGroup;
			children = (
				B84E7EAC8760A09DC87915DD /* CustomVoiceView.swift */,
				53F47C4B97AF4841FDEEB907 /* VoiceCloningView.swift */,
			);
			path = Generate;
			sourceTree = "<group>";
		};
		75A09AA27103DA1825A1703A /* Products */ = {
			isa = PBXGroup;
			children = (
				3ADE213695C11F46205AE6DC /* QwenVoice.app */,
				2AA58AEA639D96A91136276A /* QwenVoiceUITests.xctest */,
			);
			name = Products;
			sourceTree = "<group>";
		};
		778F3C98BAC3F56DDC56D132 /* Models */ = {
			isa = PBXGroup;
			children = (
				52130E590A4CD0ED7447B159 /* EmotionPreset.swift */,
				C1BA97E899E616829A78233A /* Generation.swift */,
				C12149883EC3D49A78CA9EE5 /* RPCMessage.swift */,
				802B55E1EAC5684CDE4BBE03 /* TTSModel.swift */,
				B8DE0E108884A82B4A671FE5 /* Voice.swift */,
			);
			path = Models;
			sourceTree = "<group>";
		};
		8A8BFB536C5E94547DDFB8DD /* Services */ = {
			isa = PBXGroup;
			children = (
				006AC6BD98420562AC6A931C /* AudioService.swift */,
				0B8174C5EB5C39242E7EF445 /* DatabaseService.swift */,
				AEDB6571B3DDCAA5D8166A54 /* HuggingFaceDownloader.swift */,
				927B9E942C6EACB0CD15D12D /* PythonBridge.swift */,
				3B9309BE7505D62F0A7727E6 /* PythonEnvironmentManager.swift */,
				D2A539A647083CC4810F72FE /* WaveformService.swift */,
			);
			path = Services;
			sourceTree = "<group>";
		};
		8E419F21B4ECB7B71CC1EC69 = {
			isa = PBXGroup;
			children = (
				4DED610FE952BB74012461B6 /* QwenVoiceUITests */,
				4F37CA228E18DE12CE0F1A43 /* Sources */,
				75A09AA27103DA1825A1703A /* Products */,
			);
			sourceTree = "<group>";
		};
		95492ADA14A92F5806116026 /* vendor */ = {
			isa = PBXGroup;
			children = (
				696C13B6A195855A65429A13 /* mlx_audio-0.3.1-py3-none-any.whl */,
			);
			path = vendor;
			sourceTree = "<group>";
		};
		9EF4E551B79B35D60032C17C /* Components */ = {
			isa = PBXGroup;
			children = (
				890E011F57EAC237416DDF0F /* AppTheme.swift */,
				E2C37F7C548405565C230BF8 /* BatchGenerationSheet.swift */,
				5A9B0840026EFF26202877BF /* EmotionPickerView.swift */,
				D8C22183F1D9A8DC478C8B8B /* FlowLayout.swift */,
				E876590A12FADBE38100CD17 /* LayoutConstants.swift */,
				C317D7467D26FD09704CFD81 /* SidebarPlayerView.swift */,
				F4F9D906B9BDE4A6978A5650 /* TextInputView.swift */,
				652CF3434A19FF8823B9CCA2 /* WaveformView.swift */,
			);
			path = Components;
			sourceTree = "<group>";
		};
		C1C590053F5326D33AD9D8A7 /* Library */ = {
			isa = PBXGroup;
			children = (
				E4D22F70AB025CF59B428113 /* HistoryView.swift */,
				0D3C6777F2ABFE603D026E0D /* VoicesView.swift */,
			);
			path = Library;
			sourceTree = "<group>";
		};
		D04B5DF95506C7083D60178B /* Sidebar */ = {
			isa = PBXGroup;
			children = (
				637866C95AC607A5E0509956 /* SidebarView.swift */,
			);
			path = Sidebar;
			sourceTree = "<group>";
		};
		FFBBA9EBD7885A6B142B86EF /* ViewModels */ = {
			isa = PBXGroup;
			children = (
				78F44393E69966D3C36248DB /* AudioPlayerViewModel.swift */,
				4A367AAE25201E301F646DCA /* ModelManagerViewModel.swift */,
			);
			path = ViewModels;
			sourceTree = "<group>";
		};
/* End PBXGroup section */

/* Begin PBXNativeTarget section */
		0318FC467E67E44AA3398017 /* QwenVoiceUITests */ = {
			isa = PBXNativeTarget;
			buildConfigurationList = 2999130BC4DA1F68F96D8FC4 /* Build configuration list for PBXNativeTarget "QwenVoiceUITests" */;
			buildPhases = (
				E3A418DF3D9CA19A6EF76F75 /* Sources */,
			);
			buildRules = (
			);
			dependencies = (
				F3A0EA7F3D56843512BAC348 /* PBXTargetDependency */,
			);
			name = QwenVoiceUITests;
			packageProductDependencies = (
			);
			productName = QwenVoiceUITests;
			productReference = 2AA58AEA639D96A91136276A /* QwenVoiceUITests.xctest */;
			productType = "com.apple.product-type.bundle.ui-testing";
		};
		939725D6CC844653EA90F39E /* QwenVoice */ = {
			isa = PBXNativeTarget;
			buildConfigurationList = 2BBBE90B1D4F2BB23C26AB97 /* Build configuration list for PBXNativeTarget "QwenVoice" */;
			buildPhases = (
				42E6CD734A9366037482EFC4 /* Sources */,
				A9593C511890B0520BB8105E /* Resources */,
				27632C381181CA8727A15BF1 /* Frameworks */,
			);
			buildRules = (
			);
			dependencies = (
			);
			name = QwenVoice;
			packageProductDependencies = (
				4BA2E12FB2E8DADF0D68B35C /* GRDB */,
			);
			productName = QwenVoice;
			productReference = 3ADE213695C11F46205AE6DC /* QwenVoice.app */;
			productType = "com.apple.product-type.application";
		};
/* End PBXNativeTarget section */

/* Begin PBXProject section */
		ED55BB692FF8964B44B4CF30 /* Project object */ = {
			isa = PBXProject;
			attributes = {
				BuildIndependentTargetsInParallel = YES;
				LastUpgradeCheck = 1500;
				TargetAttributes = {
					0318FC467E67E44AA3398017 = {
						TestTargetID = 939725D6CC844653EA90F39E;
					};
				};
			};
			buildConfigurationList = A3D129E6D5A19BBE074BCC71 /* Build configuration list for PBXProject "QwenVoice" */;
			compatibilityVersion = "Xcode 14.0";
			developmentRegion = en;
			hasScannedForEncodings = 0;
			knownRegions = (
				Base,
				en,
			);
			mainGroup = 8E419F21B4ECB7B71CC1EC69;
			minimizedProjectReferenceProxies = 1;
			packageReferences = (
				7DBAD106D74E98B952A55524 /* XCRemoteSwiftPackageReference "GRDB.swift" */,
			);
			preferredProjectObjectVersion = 77;
			projectDirPath = "";
			projectRoot = "";
			targets = (
				939725D6CC844653EA90F39E /* QwenVoice */,
				0318FC467E67E44AA3398017 /* QwenVoiceUITests */,
			);
		};
/* End PBXProject section */

/* Begin PBXResourcesBuildPhase section */
		A9593C511890B0520BB8105E /* Resources */ = {
			isa = PBXResourcesBuildPhase;
			buildActionMask = 2147483647;
			files = (
				782CC4A0B12968AC18654792 /* Assets.xcassets in Resources */,
				62DF324F58F7731B573FB249 /* mlx_audio-0.3.1-py3-none-any.whl in Resources */,
				8D6183A2086E6C2AD0F8E32A /* requirements.txt in Resources */,
				B7962EA5C5AE26BE94E09309 /* server.py in Resources */,
			);
			runOnlyForDeploymentPostprocessing = 0;
		};
/* End PBXResourcesBuildPhase section */

/* Begin PBXSourcesBuildPhase section */
		42E6CD734A9366037482EFC4 /* Sources */ = {
			isa = PBXSourcesBuildPhase;
			buildActionMask = 2147483647;
			files = (
				B55FAB38F675B5E5826F7A50 /* AppTheme.swift in Sources */,
				B25FDE21DB15AAB169D519EA /* AudioPlayerViewModel.swift in Sources */,
				F266C15FA07029E30CE44C0E /* AudioService.swift in Sources */,
				9D252B7945375066E6E70CAC /* BatchGenerationSheet.swift in Sources */,
				BC702680E0058355A5DDDC81 /* ContentView.swift in Sources */,
				369B39A3B4D6D2C2FE6B956F /* CustomVoiceView.swift in Sources */,
				6C329D9AE8AC56F1C930D32A /* DatabaseService.swift in Sources */,
				6C73192903DFFED166DD93FB /* EmotionPickerView.swift in Sources */,
				EEFE4FE49F13B576053735F5 /* EmotionPreset.swift in Sources */,
				5E975521FC8B355333145278 /* FlowLayout.swift in Sources */,
				1F607713C38054A7FA7F1D6E /* Generation.swift in Sources */,
				4B578A4D21A7CC18003BBA14 /* HistoryView.swift in Sources */,
				102B2746352B5032F9F34A31 /* HuggingFaceDownloader.swift in Sources */,
				2E6A0B30C35D6D082403D964 /* LayoutConstants.swift in Sources */,
				0C938FCAEB2BB9E2356C4326 /* ModelManagerViewModel.swift in Sources */,
				1895AE29DD2BA75E31D75F48 /* ModelsView.swift in Sources */,
				FE9FD53DCF750D74B09A37B3 /* PreferencesView.swift in Sources */,
				CD868F54EB56E87BE5F00283 /* PythonBridge.swift in Sources */,
				5A314AECCE19F864317B35A8 /* PythonEnvironmentManager.swift in Sources */,
				A4391A1D525E6177F26A23F1 /* QwenVoiceApp.swift in Sources */,
				4F5FDA3E5FD42FC8071ED364 /* RPCMessage.swift in Sources */,
				D43105145129C9FECE338221 /* SetupView.swift in Sources */,
				C838C6E3E59717F67F49C45C /* SidebarPlayerView.swift in Sources */,
				7A4C342B51D60AB71AC61E0C /* SidebarView.swift in Sources */,
				019E5164FDE5AFD5FE86CBC9 /* TTSModel.swift in Sources */,
				1BA11424A101CD274AFE9727 /* TextInputView.swift in Sources */,
				FDC2379CA4DB15F84DB80A3C /* Voice.swift in Sources */,
				9506A9366B29D225A10210E7 /* VoiceCloningView.swift in Sources */,
				B005B34A94873FF7C4D80A7E /* VoicesView.swift in Sources */,
				13462F046FE8C8196DE2BD97 /* WaveformService.swift in Sources */,
				BFB9538DB6144B9BD8E227DE /* WaveformView.swift in Sources */,
			);
			runOnlyForDeploymentPostprocessing = 0;
		};
		E3A418DF3D9CA19A6EF76F75 /* Sources */ = {
			isa = PBXSourcesBuildPhase;
			buildActionMask = 2147483647;
			files = (
				C48D4D80BF6A0E8A29A6BC0D /* CustomVoiceViewTests.swift in Sources */,
				02BEE0FA37C826AA2E83A2DF /* DebugHierarchyTests.swift in Sources */,
				9AC67B6FDF9D54F27814423B /* GenerationFlowTests.swift in Sources */,
				0FD1F6EE2257C0314EFAA6F4 /* HistoryViewTests.swift in Sources */,
				BAFA99B95D495C9303E851D1 /* ModelsViewTests.swift in Sources */,
				7535DC9EA0B9F6C298FC227E /* PreferencesViewTests.swift in Sources */,
				0C44B4243F2AFE09B2B2899E /* QwenVoiceUITestBase.swift in Sources */,
				297B74A5A5D3A5FB7C1EB7CE /* SidebarNavigationTests.swift in Sources */,
				502EAC7A4B0AA32029A66868 /* VoiceCloningViewTests.swift in Sources */,
				2A689847327A7165F6E2A2E6 /* VoicesViewTests.swift in Sources */,
			);
			runOnlyForDeploymentPostprocessing = 0;
		};
/* End PBXSourcesBuildPhase section */

/* Begin PBXTargetDependency section */
		F3A0EA7F3D56843512BAC348 /* PBXTargetDependency */ = {
			isa = PBXTargetDependency;
			target = 939725D6CC844653EA90F39E /* QwenVoice */;
			targetProxy = EA0D8C61643DA3D8AF942659 /* PBXContainerItemProxy */;
		};
/* End PBXTargetDependency section */

/* Begin XCBuildConfiguration section */
		19E6E37C5DE0859273A29730 /* Release */ = {
			isa = XCBuildConfiguration;
			buildSettings = {
				BUNDLE_LOADER = "$(TEST_HOST)";
				COMBINE_HIDPI_IMAGES = YES;
				GENERATE_INFOPLIST_FILE = YES;
				LD_RUNPATH_SEARCH_PATHS = (
					"$(inherited)",
					"@executable_path/Frameworks",
					"@loader_path/Frameworks",
				);
				MACOSX_DEPLOYMENT_TARGET = 14.0;
				PRODUCT_BUNDLE_IDENTIFIER = com.qwenvoice.uitests;
				SDKROOT = macosx;
				SWIFT_VERSION = 5.9;
				TEST_TARGET_NAME = QwenVoice;
			};
			name = Release;
		};
		1B0556E15C198BD39C309CE6 /* Debug */ = {
			isa = XCBuildConfiguration;
			buildSettings = {
				BUNDLE_LOADER = "$(TEST_HOST)";
				COMBINE_HIDPI_IMAGES = YES;
				GENERATE_INFOPLIST_FILE = YES;
				LD_RUNPATH_SEARCH_PATHS = (
					"$(inherited)",
					"@executable_path/Frameworks",
					"@loader_path/Frameworks",
				);
				MACOSX_DEPLOYMENT_TARGET = 14.0;
				PRODUCT_BUNDLE_IDENTIFIER = com.qwenvoice.uitests;
				SDKROOT = macosx;
				SWIFT_VERSION = 5.9;
				TEST_TARGET_NAME = QwenVoice;
			};
			name = Debug;
		};
		470AE23C861E20AA7FB8465F /* Debug */ = {
			isa = XCBuildConfiguration;
			buildSettings = {
				ALWAYS_SEARCH_USER_PATHS = NO;
				CLANG_ANALYZER_NONNULL = YES;
				CLANG_ANALYZER_NUMBER_OBJECT_CONVERSION = YES_AGGRESSIVE;
				CLANG_CXX_LANGUAGE_STANDARD = "gnu++14";
				CLANG_CXX_LIBRARY = "libc++";
				CLANG_ENABLE_MODULES = YES;
				CLANG_ENABLE_OBJC_ARC = YES;
				CLANG_ENABLE_OBJC_WEAK = YES;
				CLANG_WARN_BLOCK_CAPTURE_AUTORELEASING = YES;
				CLANG_WARN_BOOL_CONVERSION = YES;
				CLANG_WARN_COMMA = YES;
				CLANG_WARN_CONSTANT_CONVERSION = YES;
				CLANG_WARN_DEPRECATED_OBJC_IMPLEMENTATIONS = YES;
				CLANG_WARN_DIRECT_OBJC_ISA_USAGE = YES_ERROR;
				CLANG_WARN_DOCUMENTATION_COMMENTS = YES;
				CLANG_WARN_EMPTY_BODY = YES;
				CLANG_WARN_ENUM_CONVERSION = YES;
				CLANG_WARN_INFINITE_RECURSION = YES;
				CLANG_WARN_INT_CONVERSION = YES;
				CLANG_WARN_NON_LITERAL_NULL_CONVERSION = YES;
				CLANG_WARN_OBJC_IMPLICIT_RETAIN_SELF = YES;
				CLANG_WARN_OBJC_LITERAL_CONVERSION = YES;
				CLANG_WARN_OBJC_ROOT_CLASS = YES_ERROR;
				CLANG_WARN_QUOTED_INCLUDE_IN_FRAMEWORK_HEADER = YES;
				CLANG_WARN_RANGE_LOOP_ANALYSIS = YES;
				CLANG_WARN_STRICT_PROTOTYPES = YES;
				CLANG_WARN_SUSPICIOUS_MOVE = YES;
				CLANG_WARN_UNGUARDED_AVAILABILITY = YES_AGGRESSIVE;
				CLANG_WARN_UNREACHABLE_CODE = YES;
				CLANG_WARN__DUPLICATE_METHOD_MATCH = YES;
				COPY_PHASE_STRIP = NO;
				DEBUG_INFORMATION_FORMAT = dwarf;
				ENABLE_STRICT_OBJC_MSGSEND = YES;
				ENABLE_TESTABILITY = YES;
				GCC_C_LANGUAGE_STANDARD = gnu11;
				GCC_DYNAMIC_NO_PIC = NO;
				GCC_NO_COMMON_BLOCKS = YES;
				GCC_OPTIMIZATION_LEVEL = 0;
				GCC_PREPROCESSOR_DEFINITIONS = (
					"$(inherited)",
					"DEBUG=1",
				);
				GCC_WARN_64_TO_32_BIT_CONVERSION = YES;
				GCC_WARN_ABOUT_RETURN_TYPE = YES_ERROR;
				GCC_WARN_UNDECLARED_SELECTOR = YES;
				GCC_WARN_UNINITIALIZED_AUTOS = YES_AGGRESSIVE;
				GCC_WARN_UNUSED_FUNCTION = YES;
				GCC_WARN_UNUSED_VARIABLE = YES;
				MACOSX_DEPLOYMENT_TARGET = 14.0;
				MTL_ENABLE_DEBUG_INFO = INCLUDE_SOURCE;
				MTL_FAST_MATH = YES;
				ONLY_ACTIVE_ARCH = YES;
				PRODUCT_NAME = "$(TARGET_NAME)";
				SDKROOT = macosx;
				SWIFT_ACTIVE_COMPILATION_CONDITIONS = DEBUG;
				SWIFT_OPTIMIZATION_LEVEL = "-Onone";
				SWIFT_VERSION = 5.0;
			};
			name = Debug;
		};
		65C58766B1E4E77FF0C9ABFB /* Release */ = {
			isa = XCBuildConfiguration;
			buildSettings = {
				ALWAYS_SEARCH_USER_PATHS = NO;
				CLANG_ANALYZER_NONNULL = YES;
				CLANG_ANALYZER_NUMBER_OBJECT_CONVERSION = YES_AGGRESSIVE;
				CLANG_CXX_LANGUAGE_STANDARD = "gnu++14";
				CLANG_CXX_LIBRARY = "libc++";
				CLANG_ENABLE_MODULES = YES;
				CLANG_ENABLE_OBJC_ARC = YES;
				CLANG_ENABLE_OBJC_WEAK = YES;
				CLANG_WARN_BLOCK_CAPTURE_AUTORELEASING = YES;
				CLANG_WARN_BOOL_CONVERSION = YES;
				CLANG_WARN_COMMA = YES;
				CLANG_WARN_CONSTANT_CONVERSION = YES;
				CLANG_WARN_DEPRECATED_OBJC_IMPLEMENTATIONS = YES;
				CLANG_WARN_DIRECT_OBJC_ISA_USAGE = YES_ERROR;
				CLANG_WARN_DOCUMENTATION_COMMENTS = YES;
				CLANG_WARN_EMPTY_BODY = YES;
				CLANG_WARN_ENUM_CONVERSION = YES;
				CLANG_WARN_INFINITE_RECURSION = YES;
				CLANG_WARN_INT_CONVERSION = YES;
				CLANG_WARN_NON_LITERAL_NULL_CONVERSION = YES;
				CLANG_WARN_OBJC_IMPLICIT_RETAIN_SELF = YES;
				CLANG_WARN_OBJC_LITERAL_CONVERSION = YES;
				CLANG_WARN_OBJC_ROOT_CLASS = YES_ERROR;
				CLANG_WARN_QUOTED_INCLUDE_IN_FRAMEWORK_HEADER = YES;
				CLANG_WARN_RANGE_LOOP_ANALYSIS = YES;
				CLANG_WARN_STRICT_PROTOTYPES = YES;
				CLANG_WARN_SUSPICIOUS_MOVE = YES;
				CLANG_WARN_UNGUARDED_AVAILABILITY = YES_AGGRESSIVE;
				CLANG_WARN_UNREACHABLE_CODE = YES;
				CLANG_WARN__DUPLICATE_METHOD_MATCH = YES;
				COPY_PHASE_STRIP = NO;
				DEBUG_INFORMATION_FORMAT = "dwarf-with-dsym";
				ENABLE_NS_ASSERTIONS = NO;
				ENABLE_STRICT_OBJC_MSGSEND = YES;
				GCC_C_LANGUAGE_STANDARD = gnu11;
				GCC_NO_COMMON_BLOCKS = YES;
				GCC_WARN_64_TO_32_BIT_CONVERSION = YES;
				GCC_WARN_ABOUT_RETURN_TYPE = YES_ERROR;
				GCC_WARN_UNDECLARED_SELECTOR = YES;
				GCC_WARN_UNINITIALIZED_AUTOS = YES_AGGRESSIVE;
				GCC_WARN_UNUSED_FUNCTION = YES;
				GCC_WARN_UNUSED_VARIABLE = YES;
				MACOSX_DEPLOYMENT_TARGET = 14.0;
				MTL_ENABLE_DEBUG_INFO = NO;
				MTL_FAST_MATH = YES;
				PRODUCT_NAME = "$(TARGET_NAME)";
				SDKROOT = macosx;
				SWIFT_COMPILATION_MODE = wholemodule;
				SWIFT_OPTIMIZATION_LEVEL = "-O";
				SWIFT_VERSION = 5.0;
			};
			name = Release;
		};
		9A66A92F39112D5A406DB7AB /* Release */ = {
			isa = XCBuildConfiguration;
			buildSettings = {
				ASSETCATALOG_COMPILER_APPICON_NAME = AppIcon;
				ASSETCATALOG_COMPILER_GLOBAL_ACCENT_COLOR_NAME = AccentColor;
				CODE_SIGN_ENTITLEMENTS = Sources/QwenVoice.entitlements;
				COMBINE_HIDPI_IMAGES = YES;
				CURRENT_PROJECT_VERSION = 3;
				ENABLE_HARDENED_RUNTIME = YES;
				INFOPLIST_FILE = Sources/Info.plist;
				LD_RUNPATH_SEARCH_PATHS = (
					"$(inherited)",
					"@executable_path/../Frameworks",
				);
				MACOSX_DEPLOYMENT_TARGET = 14.0;
				MARKETING_VERSION = 1.0.2;
				PRODUCT_BUNDLE_IDENTIFIER = com.qwenvoice.app;
				PRODUCT_NAME = "Qwen Voice";
				SDKROOT = macosx;
				SWIFT_VERSION = 5.9;
			};
			name = Release;
		};
		D1198E20882E12A9DDAFF9CD /* Debug */ = {
			isa = XCBuildConfiguration;
			buildSettings = {
				ASSETCATALOG_COMPILER_APPICON_NAME = AppIcon;
				ASSETCATALOG_COMPILER_GLOBAL_ACCENT_COLOR_NAME = AccentColor;
				CODE_SIGN_ENTITLEMENTS = Sources/QwenVoice.entitlements;
				COMBINE_HIDPI_IMAGES = YES;
				CURRENT_PROJECT_VERSION = 3;
				ENABLE_HARDENED_RUNTIME = YES;
				INFOPLIST_FILE = Sources/Info.plist;
				LD_RUNPATH_SEARCH_PATHS = (
					"$(inherited)",
					"@executable_path/../Frameworks",
				);
				MACOSX_DEPLOYMENT_TARGET = 14.0;
				MARKETING_VERSION = 1.0.2;
				PRODUCT_BUNDLE_IDENTIFIER = com.qwenvoice.app;
				PRODUCT_NAME = "Qwen Voice";
				SDKROOT = macosx;
				SWIFT_VERSION = 5.9;
			};
			name = Debug;
		};
/* End XCBuildConfiguration section */

/* Begin XCConfigurationList section */
		2999130BC4DA1F68F96D8FC4 /* Build configuration list for PBXNativeTarget "QwenVoiceUITests" */ = {
			isa = XCConfigurationList;
			buildConfigurations = (
				1B0556E15C198BD39C309CE6 /* Debug */,
				19E6E37C5DE0859273A29730 /* Release */,
			);
			defaultConfigurationIsVisible = 0;
			defaultConfigurationName = Debug;
		};
		2BBBE90B1D4F2BB23C26AB97 /* Build configuration list for PBXNativeTarget "QwenVoice" */ = {
			isa = XCConfigurationList;
			buildConfigurations = (
				D1198E20882E12A9DDAFF9CD /* Debug */,
				9A66A92F39112D5A406DB7AB /* Release */,
			);
			defaultConfigurationIsVisible = 0;
			defaultConfigurationName = Debug;
		};
		A3D129E6D5A19BBE074BCC71 /* Build configuration list for PBXProject "QwenVoice" */ = {
			isa = XCConfigurationList;
			buildConfigurations = (
				470AE23C861E20AA7FB8465F /* Debug */,
				65C58766B1E4E77FF0C9ABFB /* Release */,
			);
			defaultConfigurationIsVisible = 0;
			defaultConfigurationName = Debug;
		};
/* End XCConfigurationList section */

/* Begin XCRemoteSwiftPackageReference section */
		7DBAD106D74E98B952A55524 /* XCRemoteSwiftPackageReference "GRDB.swift" */ = {
			isa = XCRemoteSwiftPackageReference;
			repositoryURL = "https://github.com/groue/GRDB.swift";
			requirement = {
				kind = upToNextMajorVersion;
				minimumVersion = 7.0.0;
			};
		};
/* End XCRemoteSwiftPackageReference section */

/* Begin XCSwiftPackageProductDependency section */
		4BA2E12FB2E8DADF0D68B35C /* GRDB */ = {
			isa = XCSwiftPackageProductDependency;
			package = 7DBAD106D74E98B952A55524 /* XCRemoteSwiftPackageReference "GRDB.swift" */;
			productName = GRDB;
		};
/* End XCSwiftPackageProductDependency section */
	};
	rootObject = ED55BB692FF8964B44B4CF30 /* Project object */;
}
